
Microsoft Visual Studio Solution File, Format Version 12.00
# Visual Studio 15
VisualStudioVersion = 15.0.28010.2003
MinimumVisualStudioVersion = 10.0.40219.1
Project("{2150E333-8FDC-42A3-9474-1A3956D46DE8}") = "src", "src", "{516086F9-6679-4901-AC45-20AF0A645FC3}"
EndProject
Project("{9A19103F-16F7-4668-BE54-9A1E7A4F7556}") = "App.Metrics.Health.Checks.RabbitMQ", "src\App.Metrics.Health.Checks.RabbitMQ\App.Metrics.Health.Checks.RabbitMQ.csproj", "{EBC755BB-0BFF-4723-A766-B6EC5F8FC9DD}"
EndProject
Project("{2150E333-8FDC-42A3-9474-1A3956D46DE8}") = "tests", "tests", "{4F5555D5-6CB8-4E55-AE35-CAD175F56969}"
EndProject
Project("{9A19103F-16F7-4668-BE54-9A1E7A4F7556}") = "App.Metrics.Health.Checks.RabbitMQ.Tests", "tests\App.Metrics.Health.Checks.RabbitMQ.Tests\App.Metrics.Health.Checks.RabbitMQ.Tests.csproj", "{B8ACCBA2-A619-4259-A820-C4097C6743DC}"
EndProject
Project("{2150E333-8FDC-42A3-9474-1A3956D46DE8}") = "build", "build", "{09B9FA19-BEA9-4EF5-9149-6D68D7A6DF18}"
	ProjectSection(SolutionItems) = preProject
		appveyor.yml = appveyor.yml
	EndProjectSection
EndProject
Global
	GlobalSection(SolutionConfigurationPlatforms) = preSolution
		Debug|Any CPU = Debug|Any CPU
		Release|Any CPU = Release|Any CPU
	EndGlobalSection
	GlobalSection(ProjectConfigurationPlatforms) = postSolution
		{EBC755BB-0BFF-4723-A766-B6EC5F8FC9DD}.Debug|Any CPU.ActiveCfg = Debug|Any CPU
		{EBC755BB-0BFF-4723-A766-B6EC5F8FC9DD}.Debug|Any CPU.Build.0 = Debug|Any CPU
		{EBC755BB-0BFF-4723-A766-B6EC5F8FC9DD}.Release|Any CPU.ActiveCfg = Release|Any CPU
		{EBC755BB-0BFF-4723-A766-B6EC5F8FC9DD}.Release|Any CPU.Build.0 = Release|Any CPU
		{B8ACCBA2-A619-4259-A820-C4097C6743DC}.Debug|Any CPU.ActiveCfg = Debug|Any CPU
		{B8ACCBA2-A619-4259-A820-C4097C6743DC}.Debug|Any CPU.Build.0 = Debug|Any CPU
		{B8ACCBA2-A619-4259-A820-C4097C6743DC}.Release|Any CPU.ActiveCfg = Release|Any CPU
		{B8ACCBA2-A619-4259-A820-C4097C6743DC}.Release|Any CPU.Build.0 = Release|Any CPU
	EndGlobalSection
	GlobalSection(SolutionProperties) = preSolution
		HideSolutionNode = FALSE
	EndGlobalSection
	GlobalSection(NestedProjects) = preSolution
		{EBC755BB-0BFF-4723-A766-B6EC5F8FC9DD} = {516086F9-6679-4901-AC45-20AF0A645FC3}
		{B8ACCBA2-A619-4259-A820-C4097C6743DC} = {4F5555D5-6CB8-4E55-AE35-CAD175F56969}
	EndGlobalSection
	GlobalSection(ExtensibilityGlobals) = postSolution
		SolutionGuid = {0EDF8216-99DA-468C-AD7C-E182F6455719}
	EndGlobalSection
EndGlobal
